
Microsoft Visual Studio Solution File, Format Version 12.00
# Visual Studio Version 17
VisualStudioVersion = 17.11.35103.136
MinimumVisualStudioVersion = 10.0.40219.1
Project("{FAE04EC0-301F-11D3-BF4B-00C04F79EFBC}") = "CurrencyBot", "CurrencyBot\CurrencyBot.csproj", "{E07DD0DF-B161-43CD-9A24-0312B7D8082D}"
EndProject
Global
	GlobalSection(SolutionConfigurationPlatforms) = preSolution
		Debug|Any CPU = Debug|Any CPU
		Release|Any CPU = Release|Any CPU
	EndGlobalSection
	GlobalSection(ProjectConfigurationPlatforms) = postSolution
		{E07DD0DF-B161-43CD-9A24-0312B7D8082D}.Debug|Any CPU.ActiveCfg = Debug|Any CPU
		{E07DD0DF-B161-43CD-9A24-0312B7D8082D}.Debug|Any CPU.Build.0 = Debug|Any CPU
		{E07DD0DF-B161-43CD-9A24-0312B7D8082D}.Release|Any CPU.ActiveCfg = Release|Any CPU
		{E07DD0DF-B161-43CD-9A24-0312B7D8082D}.Release|Any CPU.Build.0 = Release|Any CPU
	EndGlobalSection
	GlobalSection(SolutionProperties) = preSolution
		HideSolutionNode = FALSE
	EndGlobalSection
	GlobalSection(ExtensibilityGlobals) = postSolution
		SolutionGuid = {6BA6D983-FAC4-484D-8805-2705FE37CBD7}
	EndGlobalSection
EndGlobal
